// !$*UTF8*$!
{
	archiveVersion = 1;
	classes = {
	};
	objectVersion = 46;
	objects = {

/* Begin PBXBuildFile section */
		906444811BB6C4A400FFC821 /* DebugViewController.swift in Sources */ = {isa = PBXBuildFile; fileRef = 9064447F1BB6C4A400FFC821 /* DebugViewController.swift */; settings = {ASSET_TAGS = (); }; };
		906444821BB6C4A400FFC821 /* EmulatorViewController.swift in Sources */ = {isa = PBXBuildFile; fileRef = 906444801BB6C4A400FFC821 /* EmulatorViewController.swift */; settings = {ASSET_TAGS = (); }; };
		9074EDFB1BB80C2B00C67852 /* GameBoyJoypad.swift in Sources */ = {isa = PBXBuildFile; fileRef = 9074EDFA1BB80C2B00C67852 /* GameBoyJoypad.swift */; settings = {ASSET_TAGS = (); }; };
		90BD7F9C1B9F506C00C79443 /* AppDelegate.swift in Sources */ = {isa = PBXBuildFile; fileRef = 90BD7F9B1B9F506C00C79443 /* AppDelegate.swift */; };
		90BD7FA01B9F506C00C79443 /* Images.xcassets in Resources */ = {isa = PBXBuildFile; fileRef = 90BD7F9F1B9F506C00C79443 /* Images.xcassets */; };
		90BD7FA31B9F506C00C79443 /* Main.storyboard in Resources */ = {isa = PBXBuildFile; fileRef = 90BD7FA11B9F506C00C79443 /* Main.storyboard */; };
		90BD7FAF1B9F506C00C79443 /* SwiftEmuTests.swift in Sources */ = {isa = PBXBuildFile; fileRef = 90BD7FAE1B9F506C00C79443 /* SwiftEmuTests.swift */; };
		90BD7FB91B9F59C800C79443 /* EmulatorScreen.swift in Sources */ = {isa = PBXBuildFile; fileRef = 90BD7FB81B9F59C800C79443 /* EmulatorScreen.swift */; };
		90BD7FF01BA40BD000C79443 /* GameBoyDevice.swift in Sources */ = {isa = PBXBuildFile; fileRef = 90BD7FEF1BA40BD000C79443 /* GameBoyDevice.swift */; };
		90BD7FF31BA4105800C79443 /* GameBoyRAM.swift in Sources */ = {isa = PBXBuildFile; fileRef = 90BD7FF21BA4105800C79443 /* GameBoyRAM.swift */; };
		90BD7FF51BA4106500C79443 /* GameBoyCPU.swift in Sources */ = {isa = PBXBuildFile; fileRef = 90BD7FF41BA4106500C79443 /* GameBoyCPU.swift */; };
		90BD7FF71BA4107500C79443 /* GameBoyPPU.swift in Sources */ = {isa = PBXBuildFile; fileRef = 90BD7FF61BA4107500C79443 /* GameBoyPPU.swift */; };
		90BD7FF91BA45F8700C79443 /* roms in Resources */ = {isa = PBXBuildFile; fileRef = 90BD7FF81BA45F8700C79443 /* roms */; };
		90BD7FFB1BA5568D00C79443 /* GameBoyCPUInstructions.swift in Sources */ = {isa = PBXBuildFile; fileRef = 90BD7FFA1BA5568D00C79443 /* GameBoyCPUInstructions.swift */; };
		90BD7FFD1BA8BEA600C79443 /* GameBoyTimer.swift in Sources */ = {isa = PBXBuildFile; fileRef = 90BD7FFC1BA8BEA600C79443 /* GameBoyTimer.swift */; };
		90C85B481BAD60D3002A599E /* GameBoyCPUExtInstructions.swift in Sources */ = {isa = PBXBuildFile; fileRef = 90C85B471BAD60D3002A599E /* GameBoyCPUExtInstructions.swift */; settings = {ASSET_TAGS = (); }; };
		90FAF2A81BBEBF07009612D3 /* GameBoyCPURegisters.swift in Sources */ = {isa = PBXBuildFile; fileRef = 90FAF2A71BBEBF07009612D3 /* GameBoyCPURegisters.swift */; settings = {ASSET_TAGS = (); }; };
		90FAF2AA1BC4798E009612D3 /* EmulatorLogger.swift in Sources */ = {isa = PBXBuildFile; fileRef = 90FAF2A91BC4798E009612D3 /* EmulatorLogger.swift */; settings = {ASSET_TAGS = (); }; };
		90FAF2AC1BC5D747009612D3 /* IMemoryBankController.swift in Sources */ = {isa = PBXBuildFile; fileRef = 90FAF2AB1BC5D747009612D3 /* IMemoryBankController.swift */; settings = {ASSET_TAGS = (); }; };
/* End PBXBuildFile section */

/* Begin PBXContainerItemProxy section */
		90BD7FA91B9F506C00C79443 /* PBXContainerItemProxy */ = {
			isa = PBXContainerItemProxy;
			containerPortal = 90BD7F8E1B9F506C00C79443 /* Project object */;
			proxyType = 1;
			remoteGlobalIDString = 90BD7F951B9F506C00C79443;
			remoteInfo = SwiftEmu;
		};
/* End PBXContainerItemProxy section */

/* Begin PBXFileReference section */
		9064447F1BB6C4A400FFC821 /* DebugViewController.swift */ = {isa = PBXFileReference; fileEncoding = 4; lastKnownFileType = sourcecode.swift; path = DebugViewController.swift; sourceTree = "<group>"; };
		906444801BB6C4A400FFC821 /* EmulatorViewController.swift */ = {isa = PBXFileReference; fileEncoding = 4; lastKnownFileType = sourcecode.swift; path = EmulatorViewController.swift; sourceTree = "<group>"; };
		9074EDFA1BB80C2B00C67852 /* GameBoyJoypad.swift */ = {isa = PBXFileReference; fileEncoding = 4; lastKnownFileType = sourcecode.swift; path = GameBoyJoypad.swift; sourceTree = "<group>"; };
		90BD7F961B9F506C00C79443 /* SwiftEmu.app */ = {isa = PBXFileReference; explicitFileType = wrapper.application; includeInIndex = 0; path = SwiftEmu.app; sourceTree = BUILT_PRODUCTS_DIR; };
		90BD7F9A1B9F506C00C79443 /* Info.plist */ = {isa = PBXFileReference; lastKnownFileType = text.plist.xml; path = Info.plist; sourceTree = "<group>"; };
		90BD7F9B1B9F506C00C79443 /* AppDelegate.swift */ = {isa = PBXFileReference; lastKnownFileType = sourcecode.swift; path = AppDelegate.swift; sourceTree = "<group>"; };
		90BD7F9F1B9F506C00C79443 /* Images.xcassets */ = {isa = PBXFileReference; lastKnownFileType = folder.assetcatalog; path = Images.xcassets; sourceTree = "<group>"; };
		90BD7FA21B9F506C00C79443 /* Base */ = {isa = PBXFileReference; lastKnownFileType = file.storyboard; name = Base; path = Base.lproj/Main.storyboard; sourceTree = "<group>"; };
		90BD7FA81B9F506C00C79443 /* SwiftEmuTests.xctest */ = {isa = PBXFileReference; explicitFileType = wrapper.cfbundle; includeInIndex = 0; path = SwiftEmuTests.xctest; sourceTree = BUILT_PRODUCTS_DIR; };
		90BD7FAD1B9F506C00C79443 /* Info.plist */ = {isa = PBXFileReference; lastKnownFileType = text.plist.xml; path = Info.plist; sourceTree = "<group>"; };
		90BD7FAE1B9F506C00C79443 /* SwiftEmuTests.swift */ = {isa = PBXFileReference; lastKnownFileType = sourcecode.swift; path = SwiftEmuTests.swift; sourceTree = "<group>"; };
		90BD7FB81B9F59C800C79443 /* EmulatorScreen.swift */ = {isa = PBXFileReference; fileEncoding = 4; lastKnownFileType = sourcecode.swift; path = EmulatorScreen.swift; sourceTree = "<group>"; };
		90BD7FEF1BA40BD000C79443 /* GameBoyDevice.swift */ = {isa = PBXFileReference; fileEncoding = 4; lastKnownFileType = sourcecode.swift; path = GameBoyDevice.swift; sourceTree = "<group>"; };
		90BD7FF21BA4105800C79443 /* GameBoyRAM.swift */ = {isa = PBXFileReference; fileEncoding = 4; lastKnownFileType = sourcecode.swift; path = GameBoyRAM.swift; sourceTree = "<group>"; };
		90BD7FF41BA4106500C79443 /* GameBoyCPU.swift */ = {isa = PBXFileReference; fileEncoding = 4; lastKnownFileType = sourcecode.swift; path = GameBoyCPU.swift; sourceTree = "<group>"; };
		90BD7FF61BA4107500C79443 /* GameBoyPPU.swift */ = {isa = PBXFileReference; fileEncoding = 4; lastKnownFileType = sourcecode.swift; path = GameBoyPPU.swift; sourceTree = "<group>"; };
		90BD7FF81BA45F8700C79443 /* roms */ = {isa = PBXFileReference; lastKnownFileType = folder; path = roms; sourceTree = "<group>"; };
		90BD7FFA1BA5568D00C79443 /* GameBoyCPUInstructions.swift */ = {isa = PBXFileReference; fileEncoding = 4; lastKnownFileType = sourcecode.swift; path = GameBoyCPUInstructions.swift; sourceTree = "<group>"; };
		90BD7FFC1BA8BEA600C79443 /* GameBoyTimer.swift */ = {isa = PBXFileReference; fileEncoding = 4; lastKnownFileType = sourcecode.swift; path = GameBoyTimer.swift; sourceTree = "<group>"; };
		90C85B471BAD60D3002A599E /* GameBoyCPUExtInstructions.swift */ = {isa = PBXFileReference; fileEncoding = 4; lastKnownFileType = sourcecode.swift; path = GameBoyCPUExtInstructions.swift; sourceTree = "<group>"; };
		90FAF2A71BBEBF07009612D3 /* GameBoyCPURegisters.swift */ = {isa = PBXFileReference; fileEncoding = 4; lastKnownFileType = sourcecode.swift; path = GameBoyCPURegisters.swift; sourceTree = "<group>"; };
		90FAF2A91BC4798E009612D3 /* EmulatorLogger.swift */ = {isa = PBXFileReference; fileEncoding = 4; lastKnownFileType = sourcecode.swift; path = EmulatorLogger.swift; sourceTree = "<group>"; };
		90FAF2AB1BC5D747009612D3 /* IMemoryBankController.swift */ = {isa = PBXFileReference; fileEncoding = 4; lastKnownFileType = sourcecode.swift; path = IMemoryBankController.swift; sourceTree = "<group>"; };
/* End PBXFileReference section */

/* Begin PBXFrameworksBuildPhase section */
		90BD7F931B9F506C00C79443 /* Frameworks */ = {
			isa = PBXFrameworksBuildPhase;
			buildActionMask = 2147483647;
			files = (
			);
			runOnlyForDeploymentPostprocessing = 0;
		};
		90BD7FA51B9F506C00C79443 /* Frameworks */ = {
			isa = PBXFrameworksBuildPhase;
			buildActionMask = 2147483647;
			files = (
			);
			runOnlyForDeploymentPostprocessing = 0;
		};
/* End PBXFrameworksBuildPhase section */

/* Begin PBXGroup section */
		90BD7F8D1B9F506C00C79443 = {
			isa = PBXGroup;
			children = (
				90BD7F981B9F506C00C79443 /* SwiftEmu */,
				90BD7FAB1B9F506C00C79443 /* SwiftEmuTests */,
				90BD7F971B9F506C00C79443 /* Products */,
			);
			sourceTree = "<group>";
		};
		90BD7F971B9F506C00C79443 /* Products */ = {
			isa = PBXGroup;
			children = (
				90BD7F961B9F506C00C79443 /* SwiftEmu.app */,
				90BD7FA81B9F506C00C79443 /* SwiftEmuTests.xctest */,
			);
			name = Products;
			sourceTree = "<group>";
		};
		90BD7F981B9F506C00C79443 /* SwiftEmu */ = {
			isa = PBXGroup;
			children = (
				90BD7FF81BA45F8700C79443 /* roms */,
				90BD7FF11BA40BD700C79443 /* Device */,
				90BD7F9B1B9F506C00C79443 /* AppDelegate.swift */,
				9064447F1BB6C4A400FFC821 /* DebugViewController.swift */,
				906444801BB6C4A400FFC821 /* EmulatorViewController.swift */,
				90BD7FB81B9F59C800C79443 /* EmulatorScreen.swift */,
				90BD7F9F1B9F506C00C79443 /* Images.xcassets */,
				90BD7FA11B9F506C00C79443 /* Main.storyboard */,
				90BD7F991B9F506C00C79443 /* Supporting Files */,
			);
			path = SwiftEmu;
			sourceTree = "<group>";
		};
		90BD7F991B9F506C00C79443 /* Supporting Files */ = {
			isa = PBXGroup;
			children = (
				90BD7F9A1B9F506C00C79443 /* Info.plist */,
			);
			name = "Supporting Files";
			sourceTree = "<group>";
		};
		90BD7FAB1B9F506C00C79443 /* SwiftEmuTests */ = {
			isa = PBXGroup;
			children = (
				90BD7FAE1B9F506C00C79443 /* SwiftEmuTests.swift */,
				90BD7FAC1B9F506C00C79443 /* Supporting Files */,
			);
			path = SwiftEmuTests;
			sourceTree = "<group>";
		};
		90BD7FAC1B9F506C00C79443 /* Supporting Files */ = {
			isa = PBXGroup;
			children = (
				90BD7FAD1B9F506C00C79443 /* Info.plist */,
			);
			name = "Supporting Files";
			sourceTree = "<group>";
		};
		90BD7FF11BA40BD700C79443 /* Device */ = {
			isa = PBXGroup;
			children = (
				90FAF2A91BC4798E009612D3 /* EmulatorLogger.swift */,
				90BD7FEF1BA40BD000C79443 /* GameBoyDevice.swift */,
				90BD7FF21BA4105800C79443 /* GameBoyRAM.swift */,
				90BD7FF41BA4106500C79443 /* GameBoyCPU.swift */,
				90BD7FF61BA4107500C79443 /* GameBoyPPU.swift */,
				90BD7FFA1BA5568D00C79443 /* GameBoyCPUInstructions.swift */,
				90C85B471BAD60D3002A599E /* GameBoyCPUExtInstructions.swift */,
				90BD7FFC1BA8BEA600C79443 /* GameBoyTimer.swift */,
				9074EDFA1BB80C2B00C67852 /* GameBoyJoypad.swift */,
				90FAF2A71BBEBF07009612D3 /* GameBoyCPURegisters.swift */,
				90FAF2AB1BC5D747009612D3 /* IMemoryBankController.swift */,
			);
			name = Device;
			sourceTree = "<group>";
		};
/* End PBXGroup section */

/* Begin PBXNativeTarget section */
		90BD7F951B9F506C00C79443 /* SwiftEmu */ = {
			isa = PBXNativeTarget;
			buildConfigurationList = 90BD7FB21B9F506C00C79443 /* Build configuration list for PBXNativeTarget "SwiftEmu" */;
			buildPhases = (
				90BD7F921B9F506C00C79443 /* Sources */,
				90BD7F931B9F506C00C79443 /* Frameworks */,
				90BD7F941B9F506C00C79443 /* Resources */,
			);
			buildRules = (
			);
			dependencies = (
			);
			name = SwiftEmu;
			productName = SwiftEmu;
			productReference = 90BD7F961B9F506C00C79443 /* SwiftEmu.app */;
			productType = "com.apple.product-type.application";
		};
		90BD7FA71B9F506C00C79443 /* SwiftEmuTests */ = {
			isa = PBXNativeTarget;
			buildConfigurationList = 90BD7FB51B9F506C00C79443 /* Build configuration list for PBXNativeTarget "SwiftEmuTests" */;
			buildPhases = (
				90BD7FA41B9F506C00C79443 /* Sources */,
				90BD7FA51B9F506C00C79443 /* Frameworks */,
				90BD7FA61B9F506C00C79443 /* Resources */,
			);
			buildRules = (
			);
			dependencies = (
				90BD7FAA1B9F506C00C79443 /* PBXTargetDependency */,
			);
			name = SwiftEmuTests;
			productName = SwiftEmuTests;
			productReference = 90BD7FA81B9F506C00C79443 /* SwiftEmuTests.xctest */;
			productType = "com.apple.product-type.bundle.unit-test";
		};
/* End PBXNativeTarget section */

/* Begin PBXProject section */
		90BD7F8E1B9F506C00C79443 /* Project object */ = {
			isa = PBXProject;
			attributes = {
				LastSwiftUpdateCheck = 0700;
				LastUpgradeCheck = 0700;
				ORGANIZATIONNAME = "Michal Majczak";
				TargetAttributes = {
					90BD7F951B9F506C00C79443 = {
						CreatedOnToolsVersion = 6.4;
					};
					90BD7FA71B9F506C00C79443 = {
						CreatedOnToolsVersion = 6.4;
						TestTargetID = 90BD7F951B9F506C00C79443;
					};
				};
			};
			buildConfigurationList = 90BD7F911B9F506C00C79443 /* Build configuration list for PBXProject "SwiftEmu" */;
			compatibilityVersion = "Xcode 3.2";
			developmentRegion = English;
			hasScannedForEncodings = 0;
			knownRegions = (
				en,
				Base,
			);
			mainGroup = 90BD7F8D1B9F506C00C79443;
			productRefGroup = 90BD7F971B9F506C00C79443 /* Products */;
			projectDirPath = "";
			projectRoot = "";
			targets = (
				90BD7F951B9F506C00C79443 /* SwiftEmu */,
				90BD7FA71B9F506C00C79443 /* SwiftEmuTests */,
			);
		};
/* End PBXProject section */

/* Begin PBXResourcesBuildPhase section */
		90BD7F941B9F506C00C79443 /* Resources */ = {
			isa = PBXResourcesBuildPhase;
			buildActionMask = 2147483647;
			files = (
				90BD7FA01B9F506C00C79443 /* Images.xcassets in Resources */,
				90BD7FF91BA45F8700C79443 /* roms in Resources */,
				90BD7FA31B9F506C00C79443 /* Main.storyboard in Resources */,
			);
			runOnlyForDeploymentPostprocessing = 0;
		};
		90BD7FA61B9F506C00C79443 /* Resources */ = {
			isa = PBXResourcesBuildPhase;
			buildActionMask = 2147483647;
			files = (
			);
			runOnlyForDeploymentPostprocessing = 0;
		};
/* End PBXResourcesBuildPhase section */

/* Begin PBXSourcesBuildPhase section */
		90BD7F921B9F506C00C79443 /* Sources */ = {
			isa = PBXSourcesBuildPhase;
			buildActionMask = 2147483647;
			files = (
				90BD7FB91B9F59C800C79443 /* EmulatorScreen.swift in Sources */,
				90C85B481BAD60D3002A599E /* GameBoyCPUExtInstructions.swift in Sources */,
				90BD7FFD1BA8BEA600C79443 /* GameBoyTimer.swift in Sources */,
				90FAF2A81BBEBF07009612D3 /* GameBoyCPURegisters.swift in Sources */,
				90BD7FF01BA40BD000C79443 /* GameBoyDevice.swift in Sources */,
				906444821BB6C4A400FFC821 /* EmulatorViewController.swift in Sources */,
				90FAF2AC1BC5D747009612D3 /* IMemoryBankController.swift in Sources */,
				906444811BB6C4A400FFC821 /* DebugViewController.swift in Sources */,
				90BD7FFB1BA5568D00C79443 /* GameBoyCPUInstructions.swift in Sources */,
				90BD7FF71BA4107500C79443 /* GameBoyPPU.swift in Sources */,
				90BD7FF51BA4106500C79443 /* GameBoyCPU.swift in Sources */,
				90FAF2AA1BC4798E009612D3 /* EmulatorLogger.swift in Sources */,
				9074EDFB1BB80C2B00C67852 /* GameBoyJoypad.swift in Sources */,
				90BD7F9C1B9F506C00C79443 /* AppDelegate.swift in Sources */,
				90BD7FF31BA4105800C79443 /* GameBoyRAM.swift in Sources */,
			);
			runOnlyForDeploymentPostprocessing = 0;
		};
		90BD7FA41B9F506C00C79443 /* Sources */ = {
			isa = PBXSourcesBuildPhase;
			buildActionMask = 2147483647;
			files = (
				90BD7FAF1B9F506C00C79443 /* SwiftEmuTests.swift in Sources */,
			);
			runOnlyForDeploymentPostprocessing = 0;
		};
/* End PBXSourcesBuildPhase section */

/* Begin PBXTargetDependency section */
		90BD7FAA1B9F506C00C79443 /* PBXTargetDependency */ = {
			isa = PBXTargetDependency;
			target = 90BD7F951B9F506C00C79443 /* SwiftEmu */;
			targetProxy = 90BD7FA91B9F506C00C79443 /* PBXContainerItemProxy */;
		};
/* End PBXTargetDependency section */

/* Begin PBXVariantGroup section */
		90BD7FA11B9F506C00C79443 /* Main.storyboard */ = {
			isa = PBXVariantGroup;
			children = (
				90BD7FA21B9F506C00C79443 /* Base */,
			);
			name = Main.storyboard;
			sourceTree = "<group>";
		};
/* End PBXVariantGroup section */

/* Begin XCBuildConfiguration section */
		90BD7FB01B9F506C00C79443 /* Debug */ = {
			isa = XCBuildConfiguration;
			buildSettings = {
				ALWAYS_SEARCH_USER_PATHS = NO;
				CLANG_CXX_LANGUAGE_STANDARD = "gnu++0x";
				CLANG_CXX_LIBRARY = "libc++";
				CLANG_ENABLE_MODULES = YES;
				CLANG_ENABLE_OBJC_ARC = YES;
				CLANG_WARN_BOOL_CONVERSION = YES;
				CLANG_WARN_CONSTANT_CONVERSION = YES;
				CLANG_WARN_DIRECT_OBJC_ISA_USAGE = YES_ERROR;
				CLANG_WARN_EMPTY_BODY = YES;
				CLANG_WARN_ENUM_CONVERSION = YES;
				CLANG_WARN_INT_CONVERSION = YES;
				CLANG_WARN_OBJC_ROOT_CLASS = YES_ERROR;
				CLANG_WARN_UNREACHABLE_CODE = YES;
				CLANG_WARN__DUPLICATE_METHOD_MATCH = YES;
				CODE_SIGN_IDENTITY = "-";
				COPY_PHASE_STRIP = NO;
				DEBUG_INFORMATION_FORMAT = dwarf;
				ENABLE_STRICT_OBJC_MSGSEND = YES;
				ENABLE_TESTABILITY = YES;
				GCC_C_LANGUAGE_STANDARD = gnu99;
				GCC_DYNAMIC_NO_PIC = NO;
				GCC_NO_COMMON_BLOCKS = YES;
				GCC_OPTIMIZATION_LEVEL = 0;
				GCC_PREPROCESSOR_DEFINITIONS = (
					"DEBUG=1",
					"$(inherited)",
				);
				GCC_SYMBOLS_PRIVATE_EXTERN = NO;
				GCC_WARN_64_TO_32_BIT_CONVERSION = YES;
				GCC_WARN_ABOUT_RETURN_TYPE = YES_ERROR;
				GCC_WARN_UNDECLARED_SELECTOR = YES;
				GCC_WARN_UNINITIALIZED_AUTOS = YES_AGGRESSIVE;
				GCC_WARN_UNUSED_FUNCTION = YES;
				GCC_WARN_UNUSED_VARIABLE = YES;
				MACOSX_DEPLOYMENT_TARGET = 10.10;
				MTL_ENABLE_DEBUG_INFO = YES;
				ONLY_ACTIVE_ARCH = YES;
				SDKROOT = macosx;
				SWIFT_OPTIMIZATION_LEVEL = "-Onone";
			};
			name = Debug;
		};
		90BD7FB11B9F506C00C79443 /* Release */ = {
			isa = XCBuildConfiguration;
			buildSettings = {
				ALWAYS_SEARCH_USER_PATHS = NO;
				CLANG_CXX_LANGUAGE_STANDARD = "gnu++0x";
				CLANG_CXX_LIBRARY = "libc++";
				CLANG_ENABLE_MODULES = YES;
				CLANG_ENABLE_OBJC_ARC = YES;
				CLANG_WARN_BOOL_CONVERSION = YES;
				CLANG_WARN_CONSTANT_CONVERSION = YES;
				CLANG_WARN_DIRECT_OBJC_ISA_USAGE = YES_ERROR;
				CLANG_WARN_EMPTY_BODY = YES;
				CLANG_WARN_ENUM_CONVERSION = YES;
				CLANG_WARN_INT_CONVERSION = YES;
				CLANG_WARN_OBJC_ROOT_CLASS = YES_ERROR;
				CLANG_WARN_UNREACHABLE_CODE = YES;
				CLANG_WARN__DUPLICATE_METHOD_MATCH = YES;
				CODE_SIGN_IDENTITY = "-";
				COPY_PHASE_STRIP = NO;
				DEBUG_INFORMATION_FORMAT = "dwarf-with-dsym";
				ENABLE_NS_ASSERTIONS = NO;
				ENABLE_STRICT_OBJC_MSGSEND = YES;
				GCC_C_LANGUAGE_STANDARD = gnu99;
				GCC_NO_COMMON_BLOCKS = YES;
				GCC_WARN_64_TO_32_BIT_CONVERSION = YES;
				GCC_WARN_ABOUT_RETURN_TYPE = YES_ERROR;
				GCC_WARN_UNDECLARED_SELECTOR = YES;
				GCC_WARN_UNINITIALIZED_AUTOS = YES_AGGRESSIVE;
				GCC_WARN_UNUSED_FUNCTION = YES;
				GCC_WARN_UNUSED_VARIABLE = YES;
				MACOSX_DEPLOYMENT_TARGET = 10.10;
				MTL_ENABLE_DEBUG_INFO = NO;
				SDKROOT = macosx;
			};
			name = Release;
		};
		90BD7FB31B9F506C00C79443 /* Debug */ = {
			isa = XCBuildConfiguration;
			buildSettings = {
				ASSETCATALOG_COMPILER_APPICON_NAME = AppIcon;
				COMBINE_HIDPI_IMAGES = YES;
				INFOPLIST_FILE = SwiftEmu/Info.plist;
				LD_RUNPATH_SEARCH_PATHS = "$(inherited) @executable_path/../Frameworks";
				PRODUCT_BUNDLE_IDENTIFIER = "com.muniusoft.$(PRODUCT_NAME:rfc1034identifier)";
				PRODUCT_NAME = "$(TARGET_NAME)";
			};
			name = Debug;
		};
		90BD7FB41B9F506C00C79443 /* Release */ = {
			isa = XCBuildConfiguration;
			buildSettings = {
				ASSETCATALOG_COMPILER_APPICON_NAME = AppIcon;
				COMBINE_HIDPI_IMAGES = YES;
				INFOPLIST_FILE = SwiftEmu/Info.plist;
				LD_RUNPATH_SEARCH_PATHS = "$(inherited) @executable_path/../Frameworks";
				"MTL_ENABLE_DEBUG_INFO[arch=*]" = NO;
				PRODUCT_BUNDLE_IDENTIFIER = "com.muniusoft.$(PRODUCT_NAME:rfc1034identifier)";
				PRODUCT_NAME = "$(TARGET_NAME)";
			};
			name = Release;
		};
		90BD7FB61B9F506C00C79443 /* Debug */ = {
			isa = XCBuildConfiguration;
			buildSettings = {
				BUNDLE_LOADER = "$(TEST_HOST)";
				COMBINE_HIDPI_IMAGES = YES;
				FRAMEWORK_SEARCH_PATHS = (
					"$(DEVELOPER_FRAMEWORKS_DIR)",
					"$(inherited)",
				);
				GCC_PREPROCESSOR_DEFINITIONS = (
					"DEBUG=1",
					"$(inherited)",
				);
				INFOPLIST_FILE = SwiftEmuTests/Info.plist;
				LD_RUNPATH_SEARCH_PATHS = "$(inherited) @executable_path/../Frameworks @loader_path/../Frameworks";
				PRODUCT_BUNDLE_IDENTIFIER = "com.muniusoft.$(PRODUCT_NAME:rfc1034identifier)";
				PRODUCT_NAME = "$(TARGET_NAME)";
				TEST_HOST = "$(BUILT_PRODUCTS_DIR)/SwiftEmu.app/Contents/MacOS/SwiftEmu";
			};
			name = Debug;
		};
		90BD7FB71B9F506C00C79443 /* Release */ = {
			isa = XCBuildConfiguration;
			buildSettings = {
				BUNDLE_LOADER = "$(TEST_HOST)";
				COMBINE_HIDPI_IMAGES = YES;
				FRAMEWORK_SEARCH_PATHS = (
					"$(DEVELOPER_FRAMEWORKS_DIR)",
					"$(inherited)",
				);
				INFOPLIST_FILE = SwiftEmuTests/Info.plist;
				LD_RUNPATH_SEARCH_PATHS = "$(inherited) @executable_path/../Frameworks @loader_path/../Frameworks";
				PRODUCT_BUNDLE_IDENTIFIER = "com.muniusoft.$(PRODUCT_NAME:rfc1034identifier)";
				PRODUCT_NAME = "$(TARGET_NAME)";
				TEST_HOST = "$(BUILT_PRODUCTS_DIR)/SwiftEmu.app/Contents/MacOS/SwiftEmu";
			};
			name = Release;
		};
/* End XCBuildConfiguration section */

/* Begin XCConfigurationList section */
		90BD7F911B9F506C00C79443 /* Build configuration list for PBXProject "SwiftEmu" */ = {
			isa = XCConfigurationList;
			buildConfigurations = (
				90BD7FB01B9F506C00C79443 /* Debug */,
				90BD7FB11B9F506C00C79443 /* Release */,
			);
			defaultConfigurationIsVisible = 0;
			defaultConfigurationName = Release;
		};
		90BD7FB21B9F506C00C79443 /* Build configuration list for PBXNativeTarget "SwiftEmu" */ = {
			isa = XCConfigurationList;
			buildConfigurations = (
				90BD7FB31B9F506C00C79443 /* Debug */,
				90BD7FB41B9F506C00C79443 /* Release */,
			);
			defaultConfigurationIsVisible = 0;
			defaultConfigurationName = Release;
		};
		90BD7FB51B9F506C00C79443 /* Build configuration list for PBXNativeTarget "SwiftEmuTests" */ = {
			isa = XCConfigurationList;
			buildConfigurations = (
				90BD7FB61B9F506C00C79443 /* Debug */,
				90BD7FB71B9F506C00C79443 /* Release */,
			);
			defaultConfigurationIsVisible = 0;
			defaultConfigurationName = Release;
		};
/* End XCConfigurationList section */
	};
	rootObject = 90BD7F8E1B9F506C00C79443 /* Project object */;
}
